- name: Get yarn cache directory path
  id: yarn-cache-dir-path
  run: echo "::set-output name=dir::$(yarn cache dir)"

- uses: actions/cache@v3
  id: yarn-cache # use this to check for `cache-hit` (`steps.yarn-cache.outputs.cache-hit != 'true'`)
  with:
    path: ${{ steps.yarn-cache-dir-path.outputs.dir }}
    key: ${{ runner.os }}-yarn-${{ hashFiles('**/yarn.lock') }}
    restore-keys: |
      ${{ runner.os }}-yarn-
# THIS IS AN AUTOGENERATED FILE. DO NOT EDIT THIS FILE DIRECTLY.
# yarn lockfile v1
package-1@^1.0.0:
  version "1.0.3"
  resolved "https://registry.npmjs.org/package-1/-/package-1-1.0.3.tgz#a1b2c3d4e5f6g7h8i9j0k1l2m3n4o5p6q7r8s9t0"
package-2@^2.0.0:
  version "2.0.1"
  resolved "https://registry.npmjs.org/package-2/-/package-2-2.0.1.tgz#a1b2c3d4e5f6g7h8i9j0k1l2m3n4o5p6q7r8s9t0"
  dependencies:
    package-4 "^4.0.0"
package-3@^3.0.0:
  version "3.1.9"
  resolved "https://registry.npmjs.org/package-3/-/package-3-3.1.9.tgz#a1b2c3d4e5f6g7h8i9j0k1l2m3n4o5p6q7r8s9t0"
  dependencies:
    package-4 "^4.5.0"
package-4@^4.0.0, package-4@^4.5.0:
  version "4.6.3"
  resolved "https://registry.npmjs.org/package-4/-/package-4-2.6.3.tgz#a1b2c3d4e5f6g7h8i9j0k1l2m3n4o5p6q7r8s9t0"
export PATH="$HOME/.yarn/bin:$HOME/.config/yarn/global/node_modules/.bin:$PATH"
gpg: key 1646B01B86E50310: public key "Yarn Packaging <yarn@dan.cx>" imported

gpg: Total number processed: 1

gpg:               imported: 1

gpg: Signature made 2022-05-10 15:48:23 -0400 EDT

gpg:                using RSA key 6D98490C6F1ACDDD448E45954F77679369475BAA

gpg: Good signature from "Yarn Packaging <yarn@dan.cx>" [unknown]

gpg: WARNING: This key is not certified with a trusted signature!

gpg:          There is no indication that the signature belongs to the owner.

Primary key fingerprint: 72EC F46A 56B4 AD39 C907  BBB7 1646 B01B 86E5 0310

     Subkey fingerprint: 6D98 490C 6F1A CDDD 448E  4595 4F77 6793 6947 5BAA

> GPG signature looks good

> Extracting to ~/.yarn...

> Adding to $PATH...

> We've added the following to your /data/data/com.termux/files/home/.bashrc

> If this isn't the profile of your current shell then please add the following to your correct profile:

export PATH="$HOME/.yarn/bin:$HOME/.config/yarn/global/node_modules/.bin:$PATH"
{

  name: 'home',

  time: {

    modified: '2022-06-18T21:07:00.834Z',

    created: '2013-10-25T15:59:00.767Z',

    '0.0.0': '2013-10-25T15:59:06.917Z',

    '0.1.0': '2014-08-03T09:28:23.569Z',

    '0.1.1': '2014-08-03T14:11:40.075Z',

    '0.1.2': '2014-08-03T14:13:17.330Z',

    '0.1.3': '2014-08-03T14:17:38.235Z',

    '0.1.4': '2015-07-23T04:04:41.390Z',

    '0.1.5': '2015-07-23T05:14:29.209Z',

    '0.1.6': '2015-07-23T05:17:46.969Z',

    '0.1.7': '2015-07-23T05:23:20.051Z',

    '0.1.8': '2015-07-23T05:27:15.550Z',

    '1.0.1': '2015-11-01T15:46:20.170Z',

    '2.0.0': '2019-05-06T02:08:37.764Z'

  },

  maintainers: [

    {

      name: 'kael',

      email: 'i@kael.me'

    }

  ],

  'dist-tags': {

    latest: '2.0.0'

  },

  description: 'Gets the home dir or resolves home directories.',

  versions: [

    '0.1.0',

    '0.1.1',

    '0.1.2',

    '0.1.3',

    '0.1.4',

    '0.1.5',

    '0.1.6',

    '0.1.7',

    '0.1.8',

    '1.0.1',

    '2.0.0'

  ],

  homepage: 'https://github.com/kaelzhang/node-home#readme',

  keywords: [

    'home',

    'directory',

    'user-home',

    'path',

    'resolve',

    'cross-platform',

    'windows'

  ],

  repository: {

    type: 'git',

    url: 'git://github.com/kaelzhang/node-home.git'

  },

  author: {

    name: 'kaelzhang'

  },

  bugs: {

    url: 'https://github.com/kaelzhang/node-home/issues'

  },

  license: 'MIT',

  readmeFilename: 'README.md',

  users: {

    langrenaq: true

  },

  version: '2.0.0',

  main: 'index.js',

  scripts: {

    test: 'nyc mocha --reporter spec ./test/*.js',

    lint: 'eslint .',

    fix: 'eslint . --fix',

    posttest: 'npm run report',

    report: 'nyc report --reporter=text-lcov > coverage.lcov && codecov'

  },

  engines: {

    node: '>=5.12.0'

  },

  devDependencies: {

    '@ostai/eslint-config': '^3.0.0',

    chai: '*',

    codecov: '^3.3.0',

    eslint: '^5.16.0',

    'eslint-plugin-import': '^2.17.2',

    mocha: '*',

    nyc: '^14.1.0'

  },

  gitHead: '222577e4385b2630c4d5c8cd9e8cfa61c1662997',

  dist: {

    integrity: 'sha512-6wvQwTg0mSdr6bavsZxrbugtG+Srbhd4ZWaM2rP32opT0KEIuHbXN7RKdJ/i9UEJMwVNgZViUTkBF98pfMzEsA==',

    shasum: '2b3dc8ff003b8b5e49f160ca435bda5fac49a6ea',

    tarball: 'https://registry.npmjs.org/home/-/home-2.0.0.tgz',

    fileCount: 4,

    unpackedSize: 4704,

    'npm-signature': '-----BEGIN PGP SIGNATURE-----\r\n' +

      'Version: OpenPGP.js v3.0.4\r\n' +

      'Comment: https://openpgpjs.org\r\n' +

      '\r\n' +

      'wsFcBAEBCAAQBQJcz5cmCRA9TVsSAnZWagAAgykP/2Sa1yUgKJQD+J0R1RJt\n' +

      'Oy9+rzuvWRydrQkLixZvN6qr81GLh9xkUyh7dG44kdOX4L3EU9Zcb/fregjl\n' +

      'caGftKTBFom92VlHhjYShrgdq5umg51oMRrJ1I+DA+9iLYcXEtAoJv4E7hL5\n' +

      'CxtWK6XposlAZYlbLd3ofYyX2EITjuKUPk5+m0ZOHiiOicdIXQDGxAPuwy/E\n' +

      '2wKGCzn4wmd3x6bNVvEdI0RW8+elwBOKolAlAe0c4PQhFT74U7twg2jBu+/3\n' +

      'bm8fi4DwsdmAlifxhDSJQ+DKj32t/Rd+Z4kbsPYvFioqsXwfPnwN44ZVKteR\n' +

      'wV/DkCqMX1KjVxyTJaL6UkvN2wno5e1BLE7CyIjandCnUGQwXu2XkyFLis4R\n' +

      'qa6lgXMutGq/v7ZzkwJc7UnqYI9Fzxygeuc1n/1d9wDhlXDYX+Yy+cHjNWx9\n' +

      'PJQkkP/ZHD4mf5kSJdIZUJk9nm1iyYO8VjAquiqLcxP6g3lYVBBp4JSAXAOA\n' +

      'DbqbZoNcDLHuxg+R3LyNJyNOajD49UyYqlt6dq6UWZsRpkEmnY5wr6476Op2\n' +

      'Dh6MFyIpAjkBjGn3YrkxscbHpdvebyUB+oS1X3Z1pye8t1wruf3n0XB9o/Wh\n' +

      'huQpYfzf9I3dXLggXVxYbvbnJ04iPAdDkgE/tfK/ci7/mfYd8z78CyIqBHol\n' +

      'bMD1\r\n' +

      '=hU9q\r\n' +

      '-----END PGP SIGNATURE-----\r\n',

    signatures: [

      {

        keyid: 'SHA256:jl3bwswu80PjjokCgh0o2w5c2U4LhQAE57gj9cz1kzA',

        sig: 'MEQCIFT/4G0uaGh4iRj8wP6meFEvem4HrTM0uHXT/6xd+9ATAiBVDwzjWgw+fmCrEVK9DtNUx2MXx+7okyVYJVseBL6gsA=='

      }

    ]

  },

  directories: {}

}
